{
  "name": "vue3-split-panel",
  "version": "0.1.4",
  "lockfileVersion": 1,
  "requires": true,
  "dependencies": {
    "@babel/helper-validator-identifier": {
      "version": "7.15.7",
      "resolved": "http://it.zhcoder.ink:9017/repository/npm-group/@babel/helper-validator-identifier/-/helper-validator-identifier-7.15.7.tgz",
      "integrity": "sha1-Ig35k7/pBKSmsCq08zhaXr9uI4k=",
      "dev": true
    },
    "@babel/parser": {
      "version": "7.16.4",
      "resolved": "http://it.zhcoder.ink:9017/repository/npm-group/@babel/parser/-/parser-7.16.4.tgz",
      "integrity": "sha1-1fkvV88sdP/ps3mBwOcv7nMRNy4="
    },
    "@babel/types": {
      "version": "7.16.0",
      "resolved": "http://it.zhcoder.ink:9017/repository/npm-group/@babel/types/-/types-7.16.0.tgz",
      "integrity": "sha1-2zsxOAT5aq3Qt3bEgj4SetZyibo=",
      "dev": true,
      "requires": {
        "@babel/helper-validator-identifier": "^7.15.7",
        "to-fast-properties": "^2.0.0"
      }
    },
    "@emmetio/abbreviation": {
      "version": "2.2.2",
      "resolved": "http://it.zhcoder.ink:9017/repository/npm-group/@emmetio/abbreviation/-/abbreviation-2.2.2.tgz",
      "integrity": "sha1-dGdi/Z56jC6mBPWAxi48/iUOaYk=",
      "dev": true,
      "requires": {
        "@emmetio/scanner": "^1.0.0"
      }
    },
    "@emmetio/css-abbreviation": {
      "version": "2.1.4",
      "resolved": "http://it.zhcoder.ink:9017/repository/npm-group/@emmetio/css-abbreviation/-/css-abbreviation-2.1.4.tgz",
      "integrity": "sha1-kDYuihEizjt29sMVeQfTAYL1P1Q=",
      "dev": true,
      "requires": {
        "@emmetio/scanner": "^1.0.0"
      }
    },
    "@emmetio/scanner": {
      "version": "1.0.0",
      "resolved": "http://it.zhcoder.ink:9017/repository/npm-group/@emmetio/scanner/-/scanner-1.0.0.tgz",
      "integrity": "sha1-Blsq9iM/50dNRII+PeuJckr0K18=",
      "dev": true
    },
    "@vitejs/plugin-vue": {
      "version": "1.10.1",
      "resolved": "http://it.zhcoder.ink:9017/repository/npm-group/@vitejs/plugin-vue/-/plugin-vue-1.10.1.tgz",
      "integrity": "sha512-oL76QETMSpVE9jIScirGB2bYJEVU/+r+g+K7oG+sXPs9TZljqveoVRsmLyXlMZTjpQkLL8gz527cW80NMGVKJg==",
      "dev": true
    },
    "@volar/code-gen": {
      "version": "0.27.24",
      "resolved": "http://it.zhcoder.ink:9017/repository/npm-group/@volar/code-gen/-/code-gen-0.27.24.tgz",
      "integrity": "sha1-zNvoWJUcHuTgw5eSMtUkEtxGdWo=",
      "dev": true,
      "requires": {
        "@volar/shared": "^0.27.24",
        "@volar/source-map": "^0.27.24"
      }
    },
    "@volar/html2pug": {
      "version": "0.27.13",
      "resolved": "http://it.zhcoder.ink:9017/repository/npm-group/@volar/html2pug/-/html2pug-0.27.13.tgz",
      "integrity": "sha1-SN+nPs8e8ZVaAqBG0MiIRZUPrIU=",
      "dev": true,
      "requires": {
        "domelementtype": "^2.2.0",
        "domhandler": "^4.2.0",
        "htmlparser2": "^6.1.0",
        "pug": "^3.0.2"
      }
    },
    "@volar/shared": {
      "version": "0.27.24",
      "resolved": "http://it.zhcoder.ink:9017/repository/npm-group/@volar/shared/-/shared-0.27.24.tgz",
      "integrity": "sha1-ozRX7IrAsNNn7VTJ4hkTpfjC1sI=",
      "dev": true,
      "requires": {
        "upath": "^2.0.1",
        "vscode-jsonrpc": "^8.0.0-next.2",
        "vscode-uri": "^3.0.2"
      }
    },
    "@volar/source-map": {
      "version": "0.27.24",
      "resolved": "http://it.zhcoder.ink:9017/repository/npm-group/@volar/source-map/-/source-map-0.27.24.tgz",
      "integrity": "sha1-YPLgcMFpvoLL9/+ilqMMKCPFIF8=",
      "dev": true,
      "requires": {
        "@volar/shared": "^0.27.24"
      }
    },
    "@volar/transforms": {
      "version": "0.27.24",
      "resolved": "http://it.zhcoder.ink:9017/repository/npm-group/@volar/transforms/-/transforms-0.27.24.tgz",
      "integrity": "sha1-aOvFPcouNohOJHwIZuw9JO2BV4Q=",
      "dev": true,
      "requires": {
        "@volar/shared": "^0.27.24",
        "vscode-languageserver": "^8.0.0-next.2"
      }
    },
    "@vscode/emmet-helper": {
      "version": "2.8.2",
      "resolved": "http://it.zhcoder.ink:9017/repository/npm-group/@vscode/emmet-helper/-/emmet-helper-2.8.2.tgz",
      "integrity": "sha1-myzk/dYs8/2kXPivZ8ASz85V7ck=",
      "dev": true,
      "requires": {
        "emmet": "^2.3.0",
        "jsonc-parser": "^2.3.0",
        "vscode-languageserver-textdocument": "^1.0.1",
        "vscode-languageserver-types": "^3.15.1",
        "vscode-nls": "^5.0.0",
        "vscode-uri": "^2.1.2"
      },
      "dependencies": {
        "vscode-languageserver-types": {
          "version": "3.16.0",
          "resolved": "http://it.zhcoder.ink:9017/repository/npm-group/vscode-languageserver-types/-/vscode-languageserver-types-3.16.0.tgz",
          "integrity": "sha1-7POT/BIexpdLLaPvsxVWRMUU4kc=",
          "dev": true
        },
        "vscode-uri": {
          "version": "2.1.2",
          "resolved": "http://it.zhcoder.ink:9017/repository/npm-group/vscode-uri/-/vscode-uri-2.1.2.tgz",
          "integrity": "sha1-yNQN6T61evMfPHFd1lDiyiwJbxw=",
          "dev": true
        }
      }
    },
    "@vue/compiler-core": {
      "version": "3.2.23",
      "resolved": "http://it.zhcoder.ink:9017/repository/npm-group/@vue/compiler-core/-/compiler-core-3.2.23.tgz",
      "integrity": "sha512-4ZhiI/orx+7EJ1B+0zjgvXMV2uRN+XBfG06UN2sJfND9rH5gtEQT3QmO4erum1o6Irl7y754W8/KSaDJh4EUQg==",
      "requires": {
        "@babel/parser": "^7.15.0",
        "@vue/shared": "3.2.23",
        "estree-walker": "^2.0.2",
        "source-map": "^0.6.1"
      }
    },
    "@vue/compiler-dom": {
      "version": "3.2.23",
      "resolved": "http://it.zhcoder.ink:9017/repository/npm-group/@vue/compiler-dom/-/compiler-dom-3.2.23.tgz",
      "integrity": "sha512-X2Nw8QFc5lgoK3kio5ktM95nqmLUH+q+N/PbV4kCHzF1avqv/EGLnAhaaF0Iu4bewNvHJAAhhwPZFeoV/22nbw==",
      "requires": {
        "@vue/compiler-core": "3.2.23",
        "@vue/shared": "3.2.23"
      }
    },
    "@vue/compiler-sfc": {
      "version": "3.2.23",
      "resolved": "http://it.zhcoder.ink:9017/repository/npm-group/@vue/compiler-sfc/-/compiler-sfc-3.2.23.tgz",
      "integrity": "sha512-Aw+pb50Q5zTjyvWod8mNKmYZDRGHJBptmNNWE+84ZxrzEztPgMz8cNYIzWGbwcFVkmJlhvioAMvKnB+LM/sjSA==",
      "requires": {
        "@babel/parser": "^7.15.0",
        "@vue/compiler-core": "3.2.23",
        "@vue/compiler-dom": "3.2.23",
        "@vue/compiler-ssr": "3.2.23",
        "@vue/ref-transform": "3.2.23",
        "@vue/shared": "3.2.23",
        "estree-walker": "^2.0.2",
        "magic-string": "^0.25.7",
        "postcss": "^8.1.10",
        "source-map": "^0.6.1"
      }
    },
    "@vue/compiler-ssr": {
      "version": "3.2.23",
      "resolved": "http://it.zhcoder.ink:9017/repository/npm-group/@vue/compiler-ssr/-/compiler-ssr-3.2.23.tgz",
      "integrity": "sha512-Bqzn4jFyXPK1Ehqiq7e/czS8n62gtYF1Zfeu0DrR5uv+SBllh7LIvZjZU6+c8qbocAd3/T3I3gn2cZGmnDb6zg==",
      "requires": {
        "@vue/compiler-dom": "3.2.23",
        "@vue/shared": "3.2.23"
      }
    },
    "@vue/reactivity": {
      "version": "3.2.23",
      "resolved": "http://it.zhcoder.ink:9017/repository/npm-group/@vue/reactivity/-/reactivity-3.2.23.tgz",
      "integrity": "sha512-8RGVr/5Kpgb/EkCjgHXqttgA5IMc6n0lIXFY4TVbMkzdXrvaIhzBd7Te44oIDsTSYVKZLpfHd6/wEnuDqE8vFw==",
      "requires": {
        "@vue/shared": "3.2.23"
      }
    },
    "@vue/ref-transform": {
      "version": "3.2.23",
      "resolved": "http://it.zhcoder.ink:9017/repository/npm-group/@vue/ref-transform/-/ref-transform-3.2.23.tgz",
      "integrity": "sha512-gW0GD2PSAs/th7mC7tPB/UwpIQxclbApVtsDtscDmOJXb2+cdu60ny+SuHNgfrlUT/JqWKQHq7jFKO4woxLNaA==",
      "requires": {
        "@babel/parser": "^7.15.0",
        "@vue/compiler-core": "3.2.23",
        "@vue/shared": "3.2.23",
        "estree-walker": "^2.0.2",
        "magic-string": "^0.25.7"
      }
    },
    "@vue/runtime-core": {
      "version": "3.2.23",
      "resolved": "http://it.zhcoder.ink:9017/repository/npm-group/@vue/runtime-core/-/runtime-core-3.2.23.tgz",
      "integrity": "sha512-wSI5lmY2kCGLf89iiygqxVh6/5bsawz78Me9n1x4U2bHnN0yf3PWyuhN0WgIE8VfEaF7e75E333uboNEIFjgkg==",
      "requires": {
        "@vue/reactivity": "3.2.23",
        "@vue/shared": "3.2.23"
      }
    },
    "@vue/runtime-dom": {
      "version": "3.2.23",
      "resolved": "http://it.zhcoder.ink:9017/repository/npm-group/@vue/runtime-dom/-/runtime-dom-3.2.23.tgz",
      "integrity": "sha512-z6lp0888NkLmxD9j2sGoll8Kb7J743s8s6w7GbiyUc4WZwm0KJ35B4qTFDMoIU0G7CatS6Z+yRTpPHc6srtByg==",
      "requires": {
        "@vue/runtime-core": "3.2.23",
        "@vue/shared": "3.2.23",
        "csstype": "^2.6.8"
      }
    },
    "@vue/server-renderer": {
      "version": "3.2.23",
      "resolved": "http://it.zhcoder.ink:9017/repository/npm-group/@vue/server-renderer/-/server-renderer-3.2.23.tgz",
      "integrity": "sha512-mgQ2VAE5WjeZELJKNbwE69uiBNpN+3LyL0ZDki1bJWVwHD2fhPfx7pwyYuiucE81xz2LxVsyGxhKKUL997g8vw==",
      "requires": {
        "@vue/compiler-ssr": "3.2.23",
        "@vue/shared": "3.2.23"
      }
    },
    "@vue/shared": {
      "version": "3.2.23",
      "resolved": "http://it.zhcoder.ink:9017/repository/npm-group/@vue/shared/-/shared-3.2.23.tgz",
      "integrity": "sha512-U+/Jefa0QfXUF2qVy9Dqlrb6HKJSr9/wJcM66wXmWcTOoqg7hOWzF4qruDle51pyF4x3wMn6TSH54UdjKjCKMA=="
    },
    "acorn": {
      "version": "7.4.1",
      "resolved": "http://it.zhcoder.ink:9017/repository/npm-group/acorn/-/acorn-7.4.1.tgz",
      "integrity": "sha1-/q7SVZc9LndVW4PbwIhRpsY1IPo=",
      "dev": true
    },
    "asap": {
      "version": "2.0.6",
      "resolved": "http://it.zhcoder.ink:9017/repository/npm-group/asap/-/asap-2.0.6.tgz",
      "integrity": "sha1-5QNHYR1+aQlDIIu9r+vLwvuGbUY=",
      "dev": true
    },
    "assert-never": {
      "version": "1.2.1",
      "resolved": "http://it.zhcoder.ink:9017/repository/npm-group/assert-never/-/assert-never-1.2.1.tgz",
      "integrity": "sha1-EfDjY78UYgX7CBk7XHuQ9NHPRP4=",
      "dev": true
    },
    "babel-walk": {
      "version": "3.0.0-canary-5",
      "resolved": "http://it.zhcoder.ink:9017/repository/npm-group/babel-walk/-/babel-walk-3.0.0-canary-5.tgz",
      "integrity": "sha1-9m7Ncpg1eu5ElV8jWm71QhkQSxE=",
      "dev": true,
      "requires": {
        "@babel/types": "^7.9.6"
      }
    },
    "call-bind": {
      "version": "1.0.2",
      "resolved": "http://it.zhcoder.ink:9017/repository/npm-group/call-bind/-/call-bind-1.0.2.tgz",
      "integrity": "sha1-sdTonmiBGcPJqQOtMKuy9qkZvjw=",
      "dev": true,
      "requires": {
        "function-bind": "^1.1.1",
        "get-intrinsic": "^1.0.2"
      }
    },
    "character-parser": {
      "version": "2.2.0",
      "resolved": "http://it.zhcoder.ink:9017/repository/npm-group/character-parser/-/character-parser-2.2.0.tgz",
      "integrity": "sha1-x84o821LzZdE5f/CxfzeHHMmH8A=",
      "dev": true,
      "requires": {
        "is-regex": "^1.0.3"
      }
    },
    "constantinople": {
      "version": "4.0.1",
      "resolved": "http://it.zhcoder.ink:9017/repository/npm-group/constantinople/-/constantinople-4.0.1.tgz",
      "integrity": "sha1-De8RP6Dk3I3oMzGlz3nIsyUhMVE=",
      "dev": true,
      "requires": {
        "@babel/parser": "^7.6.0",
        "@babel/types": "^7.6.1"
      }
    },
    "csstype": {
      "version": "2.6.19",
      "resolved": "http://it.zhcoder.ink:9017/repository/npm-group/csstype/-/csstype-2.6.19.tgz",
      "integrity": "sha1-/utarokCC7OJ4fY2aaXtSQ45HKo="
    },
    "doctypes": {
      "version": "1.1.0",
      "resolved": "http://it.zhcoder.ink:9017/repository/npm-group/doctypes/-/doctypes-1.1.0.tgz",
      "integrity": "sha1-6oCxBqh1OHdOijpKWv4pPeSJ4Kk=",
      "dev": true
    },
    "dom-serializer": {
      "version": "1.3.2",
      "resolved": "http://it.zhcoder.ink:9017/repository/npm-group/dom-serializer/-/dom-serializer-1.3.2.tgz",
      "integrity": "sha1-YgZDfTLO767HFhgDIwx6ILwbTZE=",
      "dev": true,
      "requires": {
        "domelementtype": "^2.0.1",
        "domhandler": "^4.2.0",
        "entities": "^2.0.0"
      }
    },
    "domelementtype": {
      "version": "2.2.0",
      "resolved": "http://it.zhcoder.ink:9017/repository/npm-group/domelementtype/-/domelementtype-2.2.0.tgz",
      "integrity": "sha1-mgtsJ4LtahxzI9QiZxg9+b2LHVc=",
      "dev": true
    },
    "domhandler": {
      "version": "4.3.0",
      "resolved": "http://it.zhcoder.ink:9017/repository/npm-group/domhandler/-/domhandler-4.3.0.tgz",
      "integrity": "sha512-fC0aXNQXqKSFTr2wDNZDhsEYjCiYsDWl3D01kwt25hm1YIPyDGHvvi3rw+PLqHAl/m71MaiF7d5zvBr0p5UB2g==",
      "dev": true,
      "requires": {
        "domelementtype": "^2.2.0"
      }
    },
    "domutils": {
      "version": "2.8.0",
      "resolved": "http://it.zhcoder.ink:9017/repository/npm-group/domutils/-/domutils-2.8.0.tgz",
      "integrity": "sha1-RDfe9dtuLR9dbuhZvZXKfQIEgTU=",
      "dev": true,
      "requires": {
        "dom-serializer": "^1.0.1",
        "domelementtype": "^2.2.0",
        "domhandler": "^4.2.0"
      }
    },
    "emmet": {
      "version": "2.3.4",
      "resolved": "http://it.zhcoder.ink:9017/repository/npm-group/emmet/-/emmet-2.3.4.tgz",
      "integrity": "sha1-W6DXpVaaaMdpffqJDHcuTzF50SM=",
      "dev": true,
      "requires": {
        "@emmetio/abbreviation": "^2.2.2",
        "@emmetio/css-abbreviation": "^2.1.4"
      }
    },
    "entities": {
      "version": "2.2.0",
      "resolved": "http://it.zhcoder.ink:9017/repository/npm-group/entities/-/entities-2.2.0.tgz",
      "integrity": "sha1-CY3JDruD2N/6CJ1VJWs1HTTE2lU=",
      "dev": true
    },
    "esbuild": {
      "version": "0.13.15",
      "resolved": "http://it.zhcoder.ink:9017/repository/npm-group/esbuild/-/esbuild-0.13.15.tgz",
      "integrity": "sha1-21aogWbuNz+H27LYeY/0SeBFDN8=",
      "dev": true,
      "requires": {
        "esbuild-android-arm64": "0.13.15",
        "esbuild-darwin-64": "0.13.15",
        "esbuild-darwin-arm64": "0.13.15",
        "esbuild-freebsd-64": "0.13.15",
        "esbuild-freebsd-arm64": "0.13.15",
        "esbuild-linux-32": "0.13.15",
        "esbuild-linux-64": "0.13.15",
        "esbuild-linux-arm": "0.13.15",
        "esbuild-linux-arm64": "0.13.15",
        "esbuild-linux-mips64le": "0.13.15",
        "esbuild-linux-ppc64le": "0.13.15",
        "esbuild-netbsd-64": "0.13.15",
        "esbuild-openbsd-64": "0.13.15",
        "esbuild-sunos-64": "0.13.15",
        "esbuild-windows-32": "0.13.15",
        "esbuild-windows-64": "0.13.15",
        "esbuild-windows-arm64": "0.13.15"
      }
    },
    "esbuild-android-arm64": {
      "version": "0.13.15",
      "resolved": "http://it.zhcoder.ink:9017/repository/npm-group/esbuild-android-arm64/-/esbuild-android-arm64-0.13.15.tgz",
      "integrity": "sha1-P8P/C6t2/jXdI3R2tdKzK7IKPUQ=",
      "dev": true,
      "optional": true
    },
    "esbuild-darwin-64": {
      "version": "0.13.15",
      "resolved": "http://it.zhcoder.ink:9017/repository/npm-group/esbuild-darwin-64/-/esbuild-darwin-64-0.13.15.tgz",
      "integrity": "sha1-jpFpwWuvRE6s7GDQmyTRGyVajnI=",
      "dev": true,
      "optional": true
    },
    "esbuild-darwin-arm64": {
      "version": "0.13.15",
      "resolved": "http://it.zhcoder.ink:9017/repository/npm-group/esbuild-darwin-arm64/-/esbuild-darwin-arm64-0.13.15.tgz",
      "integrity": "sha1-Gwf4k7YyEU+AXhiN38pBsrd4Ipo=",
      "dev": true,
      "optional": true
    },
    "esbuild-freebsd-64": {
      "version": "0.13.15",
      "resolved": "http://it.zhcoder.ink:9017/repository/npm-group/esbuild-freebsd-64/-/esbuild-freebsd-64-0.13.15.tgz",
      "integrity": "sha1-C4t+yhaQyOyUx1aAw4wHJpwfSoU=",
      "dev": true,
      "optional": true
    },
    "esbuild-freebsd-arm64": {
      "version": "0.13.15",
      "resolved": "http://it.zhcoder.ink:9017/repository/npm-group/esbuild-freebsd-arm64/-/esbuild-freebsd-arm64-0.13.15.tgz",
      "integrity": "sha1-LhpsaWv9zSCplXi3Y1C0HbGTTlI=",
      "dev": true,
      "optional": true
    },
    "esbuild-linux-32": {
      "version": "0.13.15",
      "resolved": "http://it.zhcoder.ink:9017/repository/npm-group/esbuild-linux-32/-/esbuild-linux-32-0.13.15.tgz",
      "integrity": "sha1-b9OfNvxm3UW2tfUVcox7vrw0Kmk=",
      "dev": true,
      "optional": true
    },
    "esbuild-linux-64": {
      "version": "0.13.15",
      "resolved": "http://it.zhcoder.ink:9017/repository/npm-group/esbuild-linux-64/-/esbuild-linux-64-0.13.15.tgz",
      "integrity": "sha1-nLjkvNdXTmeUbk7l8fHhI4a7bdM=",
      "dev": true,
      "optional": true
    },
    "esbuild-linux-arm": {
      "version": "0.13.15",
      "resolved": "http://it.zhcoder.ink:9017/repository/npm-group/esbuild-linux-arm/-/esbuild-linux-arm-0.13.15.tgz",
      "integrity": "sha1-igDpnmoMbJprfzNIQTZNiitK7P4=",
      "dev": true,
      "optional": true
    },
    "esbuild-linux-arm64": {
      "version": "0.13.15",
      "resolved": "http://it.zhcoder.ink:9017/repository/npm-group/esbuild-linux-arm64/-/esbuild-linux-arm64-0.13.15.tgz",
      "integrity": "sha1-OJGqNwTsV5obktKlhhIuW2or+6E=",
      "dev": true,
      "optional": true
    },
    "esbuild-linux-mips64le": {
      "version": "0.13.15",
      "resolved": "http://it.zhcoder.ink:9017/repository/npm-group/esbuild-linux-mips64le/-/esbuild-linux-mips64le-0.13.15.tgz",
      "integrity": "sha1-NrB8xHw9IeSNs7sfTZ749Grq1Pc=",
      "dev": true,
      "optional": true
    },
    "esbuild-linux-ppc64le": {
      "version": "0.13.15",
      "resolved": "http://it.zhcoder.ink:9017/repository/npm-group/esbuild-linux-ppc64le/-/esbuild-linux-ppc64le-0.13.15.tgz",
      "integrity": "sha1-9+a7pAuaEeudyuWwFVDqBGcO2tI=",
      "dev": true,
      "optional": true
    },
    "esbuild-netbsd-64": {
      "version": "0.13.15",
      "resolved": "http://it.zhcoder.ink:9017/repository/npm-group/esbuild-netbsd-64/-/esbuild-netbsd-64-0.13.15.tgz",
      "integrity": "sha1-ov7cVJwrYp1YCnMthAcSsI1EADg=",
      "dev": true,
      "optional": true
    },
    "esbuild-openbsd-64": {
      "version": "0.13.15",
      "resolved": "http://it.zhcoder.ink:9017/repository/npm-group/esbuild-openbsd-64/-/esbuild-openbsd-64-0.13.15.tgz",
      "integrity": "sha1-siwOWAbTofvwMlhyA3+IUwawXNc=",
      "dev": true,
      "optional": true
    },
    "esbuild-sunos-64": {
      "version": "0.13.15",
      "resolved": "http://it.zhcoder.ink:9017/repository/npm-group/esbuild-sunos-64/-/esbuild-sunos-64-0.13.15.tgz",
      "integrity": "sha1-0LZFSog3XujTlk2u/1XIXJHHzvQ=",
      "dev": true,
      "optional": true
    },
    "esbuild-windows-32": {
      "version": "0.13.15",
      "resolved": "http://it.zhcoder.ink:9017/repository/npm-group/esbuild-windows-32/-/esbuild-windows-32-0.13.15.tgz",
      "integrity": "sha1-yW0Lm7tS8zAzIlgu+OSEfFrTdac=",
      "dev": true,
      "optional": true
    },
    "esbuild-windows-64": {
      "version": "0.13.15",
      "resolved": "http://it.zhcoder.ink:9017/repository/npm-group/esbuild-windows-64/-/esbuild-windows-64-0.13.15.tgz",
      "integrity": "sha1-H3nLmx4bsC+yXNQUy5DU6iiSwpQ=",
      "dev": true,
      "optional": true
    },
    "esbuild-windows-arm64": {
      "version": "0.13.15",
      "resolved": "http://it.zhcoder.ink:9017/repository/npm-group/esbuild-windows-arm64/-/esbuild-windows-arm64-0.13.15.tgz",
      "integrity": "sha1-SCFzBwgQ3yKnUsaGUJw3DDvjs8M=",
      "dev": true,
      "optional": true
    },
    "estree-walker": {
      "version": "2.0.2",
      "resolved": "http://it.zhcoder.ink:9017/repository/npm-group/estree-walker/-/estree-walker-2.0.2.tgz",
      "integrity": "sha1-UvAQF4wqTBF6d1fP6UKtt9LaTKw="
    },
    "fsevents": {
      "version": "2.3.2",
      "resolved": "http://it.zhcoder.ink:9017/repository/npm-group/fsevents/-/fsevents-2.3.2.tgz",
      "integrity": "sha1-ilJveLj99GI7cJ4Ll1xSwkwC/Ro=",
      "dev": true,
      "optional": true
    },
    "function-bind": {
      "version": "1.1.1",
      "resolved": "http://it.zhcoder.ink:9017/repository/npm-group/function-bind/-/function-bind-1.1.1.tgz",
      "integrity": "sha1-pWiZ0+o8m6uHS7l3O3xe3pL0iV0=",
      "dev": true
    },
    "get-intrinsic": {
      "version": "1.1.1",
      "resolved": "http://it.zhcoder.ink:9017/repository/npm-group/get-intrinsic/-/get-intrinsic-1.1.1.tgz",
      "integrity": "sha1-FfWfN2+FXERpY5SPDSTNNje0q8Y=",
      "dev": true,
      "requires": {
        "function-bind": "^1.1.1",
        "has": "^1.0.3",
        "has-symbols": "^1.0.1"
      }
    },
    "has": {
      "version": "1.0.3",
      "resolved": "http://it.zhcoder.ink:9017/repository/npm-group/has/-/has-1.0.3.tgz",
      "integrity": "sha1-ci18v8H2qoJB8W3YFOAR4fQeh5Y=",
      "dev": true,
      "requires": {
        "function-bind": "^1.1.1"
      }
    },
    "has-symbols": {
      "version": "1.0.2",
      "resolved": "http://it.zhcoder.ink:9017/repository/npm-group/has-symbols/-/has-symbols-1.0.2.tgz",
      "integrity": "sha1-Fl0wcMADCXUqEjakeTMeOsVvFCM=",
      "dev": true
    },
    "has-tostringtag": {
      "version": "1.0.0",
      "resolved": "http://it.zhcoder.ink:9017/repository/npm-group/has-tostringtag/-/has-tostringtag-1.0.0.tgz",
      "integrity": "sha1-fhM4GKfTlHNPlB5zw9P5KR5liyU=",
      "dev": true,
      "requires": {
        "has-symbols": "^1.0.2"
      }
    },
    "htmlparser2": {
      "version": "6.1.0",
      "resolved": "http://it.zhcoder.ink:9017/repository/npm-group/htmlparser2/-/htmlparser2-6.1.0.tgz",
      "integrity": "sha1-xNditsM3GgXb5l6UrkOp+EX7j7c=",
      "dev": true,
      "requires": {
        "domelementtype": "^2.0.1",
        "domhandler": "^4.0.0",
        "domutils": "^2.5.2",
        "entities": "^2.0.0"
      }
    },
    "is-core-module": {
      "version": "2.8.0",
      "resolved": "http://it.zhcoder.ink:9017/repository/npm-group/is-core-module/-/is-core-module-2.8.0.tgz",
      "integrity": "sha1-AyEzbD0JJeSX/Zf12VyxFKXM1Ug=",
      "dev": true,
      "requires": {
        "has": "^1.0.3"
      }
    },
    "is-expression": {
      "version": "4.0.0",
      "resolved": "http://it.zhcoder.ink:9017/repository/npm-group/is-expression/-/is-expression-4.0.0.tgz",
      "integrity": "sha1-wzFVliq/IdCv0lUlFNZ9LsFv0qs=",
      "dev": true,
      "requires": {
        "acorn": "^7.1.1",
        "object-assign": "^4.1.1"
      }
    },
    "is-promise": {
      "version": "2.2.2",
      "resolved": "http://it.zhcoder.ink:9017/repository/npm-group/is-promise/-/is-promise-2.2.2.tgz",
      "integrity": "sha1-OauVnMv5p3TPB597QMeib3YxNfE=",
      "dev": true
    },
    "is-regex": {
      "version": "1.1.4",
      "resolved": "http://it.zhcoder.ink:9017/repository/npm-group/is-regex/-/is-regex-1.1.4.tgz",
      "integrity": "sha1-7vVmPNWfpMCuM5UFMj32hUuxWVg=",
      "dev": true,
      "requires": {
        "call-bind": "^1.0.2",
        "has-tostringtag": "^1.0.0"
      }
    },
    "js-stringify": {
      "version": "1.0.2",
      "resolved": "http://it.zhcoder.ink:9017/repository/npm-group/js-stringify/-/js-stringify-1.0.2.tgz",
      "integrity": "sha1-Fzb939lyTyijaCrcYjCufk6Weds=",
      "dev": true
    },
    "jsonc-parser": {
      "version": "2.3.1",
      "resolved": "http://it.zhcoder.ink:9017/repository/npm-group/jsonc-parser/-/jsonc-parser-2.3.1.tgz",
      "integrity": "sha1-WVSRULEz8u+sykj+nOHsBlmvI0I=",
      "dev": true
    },
    "jstransformer": {
      "version": "1.0.0",
      "resolved": "http://it.zhcoder.ink:9017/repository/npm-group/jstransformer/-/jstransformer-1.0.0.tgz",
      "integrity": "sha1-7Yvwkh4vPx7U1cGkT2hwntJHIsM=",
      "dev": true,
      "requires": {
        "is-promise": "^2.0.0",
        "promise": "^7.0.1"
      }
    },
    "lru-cache": {
      "version": "6.0.0",
      "resolved": "http://it.zhcoder.ink:9017/repository/npm-group/lru-cache/-/lru-cache-6.0.0.tgz",
      "integrity": "sha1-bW/mVw69lqr5D8rR2vo7JWbbOpQ=",
      "dev": true,
      "requires": {
        "yallist": "^4.0.0"
      }
    },
    "magic-string": {
      "version": "0.25.7",
      "resolved": "http://it.zhcoder.ink:9017/repository/npm-group/magic-string/-/magic-string-0.25.7.tgz",
      "integrity": "sha1-P0l9b9NMZpxnmNy4IfLvMfVEUFE=",
      "requires": {
        "sourcemap-codec": "^1.4.4"
      }
    },
    "nanoid": {
      "version": "3.1.30",
      "resolved": "http://it.zhcoder.ink:9017/repository/npm-group/nanoid/-/nanoid-3.1.30.tgz",
      "integrity": "sha1-Y/k8xUjSoRPcXfvGO/oJ4rm2Q2I="
    },
    "object-assign": {
      "version": "4.1.1",
      "resolved": "http://it.zhcoder.ink:9017/repository/npm-group/object-assign/-/object-assign-4.1.1.tgz",
      "integrity": "sha1-IQmtx5ZYh8/AXLvUQsrIv7s2CGM=",
      "dev": true
    },
    "path-parse": {
      "version": "1.0.7",
      "resolved": "http://it.zhcoder.ink:9017/repository/npm-group/path-parse/-/path-parse-1.0.7.tgz",
      "integrity": "sha1-+8EUtgykKzDZ2vWFjkvWi77bZzU=",
      "dev": true
    },
    "picocolors": {
      "version": "1.0.0",
      "resolved": "http://it.zhcoder.ink:9017/repository/npm-group/picocolors/-/picocolors-1.0.0.tgz",
      "integrity": "sha1-y1vcdP8/UYkiNur3nWi8RFZKuBw="
    },
    "postcss": {
      "version": "8.4.4",
      "resolved": "http://it.zhcoder.ink:9017/repository/npm-group/postcss/-/postcss-8.4.4.tgz",
      "integrity": "sha512-joU6fBsN6EIer28Lj6GDFoC/5yOZzLCfn0zHAn/MYXI7aPt4m4hK5KC5ovEZXy+lnCjmYIbQWngvju2ddyEr8Q==",
      "requires": {
        "nanoid": "^3.1.30",
        "picocolors": "^1.0.0",
        "source-map-js": "^1.0.1"
      }
    },
    "promise": {
      "version": "7.3.1",
      "resolved": "http://it.zhcoder.ink:9017/repository/npm-group/promise/-/promise-7.3.1.tgz",
      "integrity": "sha1-BktyYCsY+Q8pGSuLG8QY/9Hr078=",
      "dev": true,
      "requires": {
        "asap": "~2.0.3"
      }
    },
    "pug": {
      "version": "3.0.2",
      "resolved": "http://it.zhcoder.ink:9017/repository/npm-group/pug/-/pug-3.0.2.tgz",
      "integrity": "sha1-81xxBzQ0VOQ7wnrg/3bHMbeOpTU=",
      "dev": true,
      "requires": {
        "pug-code-gen": "^3.0.2",
        "pug-filters": "^4.0.0",
        "pug-lexer": "^5.0.1",
        "pug-linker": "^4.0.0",
        "pug-load": "^3.0.0",
        "pug-parser": "^6.0.0",
        "pug-runtime": "^3.0.1",
        "pug-strip-comments": "^2.0.0"
      }
    },
    "pug-attrs": {
      "version": "3.0.0",
      "resolved": "http://it.zhcoder.ink:9017/repository/npm-group/pug-attrs/-/pug-attrs-3.0.0.tgz",
      "integrity": "sha1-sQRR4DSBZeMfrRzCPr3dncc0fEE=",
      "dev": true,
      "requires": {
        "constantinople": "^4.0.1",
        "js-stringify": "^1.0.2",
        "pug-runtime": "^3.0.0"
      }
    },
    "pug-code-gen": {
      "version": "3.0.2",
      "resolved": "http://it.zhcoder.ink:9017/repository/npm-group/pug-code-gen/-/pug-code-gen-3.0.2.tgz",
      "integrity": "sha1-rRkPSUMTO/GGtguA3kgxAOEy4s4=",
      "dev": true,
      "requires": {
        "constantinople": "^4.0.1",
        "doctypes": "^1.1.0",
        "js-stringify": "^1.0.2",
        "pug-attrs": "^3.0.0",
        "pug-error": "^2.0.0",
        "pug-runtime": "^3.0.0",
        "void-elements": "^3.1.0",
        "with": "^7.0.0"
      }
    },
    "pug-error": {
      "version": "2.0.0",
      "resolved": "http://it.zhcoder.ink:9017/repository/npm-group/pug-error/-/pug-error-2.0.0.tgz",
      "integrity": "sha1-XGIXPLCcNN4qLOBPF7it/sdNjKU=",
      "dev": true
    },
    "pug-filters": {
      "version": "4.0.0",
      "resolved": "http://it.zhcoder.ink:9017/repository/npm-group/pug-filters/-/pug-filters-4.0.0.tgz",
      "integrity": "sha1-0+Sa9bqEcum3pm2YDnB86dLMm14=",
      "dev": true,
      "requires": {
        "constantinople": "^4.0.1",
        "jstransformer": "1.0.0",
        "pug-error": "^2.0.0",
        "pug-walk": "^2.0.0",
        "resolve": "^1.15.1"
      }
    },
    "pug-lexer": {
      "version": "5.0.1",
      "resolved": "http://it.zhcoder.ink:9017/repository/npm-group/pug-lexer/-/pug-lexer-5.0.1.tgz",
      "integrity": "sha1-rkRijFvvmxkLZlaDsojKkCS4sNU=",
      "dev": true,
      "requires": {
        "character-parser": "^2.2.0",
        "is-expression": "^4.0.0",
        "pug-error": "^2.0.0"
      }
    },
    "pug-linker": {
      "version": "4.0.0",
      "resolved": "http://it.zhcoder.ink:9017/repository/npm-group/pug-linker/-/pug-linker-4.0.0.tgz",
      "integrity": "sha1-EsvAWU/Fo+Brn8Web5PBRpYqdwg=",
      "dev": true,
      "requires": {
        "pug-error": "^2.0.0",
        "pug-walk": "^2.0.0"
      }
    },
    "pug-load": {
      "version": "3.0.0",
      "resolved": "http://it.zhcoder.ink:9017/repository/npm-group/pug-load/-/pug-load-3.0.0.tgz",
      "integrity": "sha1-n9nNpSICsIrbEdJWgfufNL1BtmI=",
      "dev": true,
      "requires": {
        "object-assign": "^4.1.1",
        "pug-walk": "^2.0.0"
      }
    },
    "pug-parser": {
      "version": "6.0.0",
      "resolved": "http://it.zhcoder.ink:9017/repository/npm-group/pug-parser/-/pug-parser-6.0.0.tgz",
      "integrity": "sha1-qP3ANYY6lbLB3F6/Ts+AtOdqEmA=",
      "dev": true,
      "requires": {
        "pug-error": "^2.0.0",
        "token-stream": "1.0.0"
      }
    },
    "pug-runtime": {
      "version": "3.0.1",
      "resolved": "http://it.zhcoder.ink:9017/repository/npm-group/pug-runtime/-/pug-runtime-3.0.1.tgz",
      "integrity": "sha1-9jaXYgRyPzWoxfb61qzaKhkbg9c=",
      "dev": true
    },
    "pug-strip-comments": {
      "version": "2.0.0",
      "resolved": "http://it.zhcoder.ink:9017/repository/npm-group/pug-strip-comments/-/pug-strip-comments-2.0.0.tgz",
      "integrity": "sha1-+UsH/WtJVSMzD0kKf1VLT/h2MD4=",
      "dev": true,
      "requires": {
        "pug-error": "^2.0.0"
      }
    },
    "pug-walk": {
      "version": "2.0.0",
      "resolved": "http://it.zhcoder.ink:9017/repository/npm-group/pug-walk/-/pug-walk-2.0.0.tgz",
      "integrity": "sha1-QXqrwpIyu0SZtbUGmistKiTV9f4=",
      "dev": true
    },
    "request-light": {
      "version": "0.5.5",
      "resolved": "http://it.zhcoder.ink:9017/repository/npm-group/request-light/-/request-light-0.5.5.tgz",
      "integrity": "sha1-JUqws4odshkhcLWZsFGBk04Ukys=",
      "dev": true
    },
    "resolve": {
      "version": "1.20.0",
      "resolved": "http://it.zhcoder.ink:9017/repository/npm-group/resolve/-/resolve-1.20.0.tgz",
      "integrity": "sha1-YpoBP7P3B1XW8LeTXMHCxTeLGXU=",
      "dev": true,
      "requires": {
        "is-core-module": "^2.2.0",
        "path-parse": "^1.0.6"
      }
    },
    "rollup": {
      "version": "2.60.2",
      "resolved": "http://it.zhcoder.ink:9017/repository/npm-group/rollup/-/rollup-2.60.2.tgz",
      "integrity": "sha512-1Bgjpq61sPjgoZzuiDSGvbI1tD91giZABgjCQBKM5aYLnzjq52GoDuWVwT/cm/MCxCMPU8gqQvkj8doQ5C8Oqw==",
      "dev": true,
      "requires": {
        "fsevents": "~2.3.2"
      }
    },
    "semver": {
      "version": "7.3.5",
      "resolved": "http://it.zhcoder.ink:9017/repository/npm-group/semver/-/semver-7.3.5.tgz",
      "integrity": "sha1-C2Ich5NI2JmOSw5L6Us/EuYBjvc=",
      "dev": true,
      "requires": {
        "lru-cache": "^6.0.0"
      }
    },
    "source-map": {
      "version": "0.6.1",
      "resolved": "http://it.zhcoder.ink:9017/repository/npm-group/source-map/-/source-map-0.6.1.tgz",
      "integrity": "sha1-dHIq8y6WFOnCh6jQu95IteLxomM="
    },
    "source-map-js": {
      "version": "1.0.1",
      "resolved": "http://it.zhcoder.ink:9017/repository/npm-group/source-map-js/-/source-map-js-1.0.1.tgz",
      "integrity": "sha1-oXQcEx48d9BIJSrfok4juQhnDK8="
    },
    "sourcemap-codec": {
      "version": "1.4.8",
      "resolved": "http://it.zhcoder.ink:9017/repository/npm-group/sourcemap-codec/-/sourcemap-codec-1.4.8.tgz",
      "integrity": "sha1-6oBL2UhXQC5pktBaOO8a41qatMQ="
    },
    "split.js": {
      "version": "1.6.4",
      "resolved": "https://registry.nlark.com/split.js/download/split.js-1.6.4.tgz",
      "integrity": "sha1-E9R8ulM4Kt7yMKUylM5drLKi8uE="
    },
    "to-fast-properties": {
      "version": "2.0.0",
      "resolved": "http://it.zhcoder.ink:9017/repository/npm-group/to-fast-properties/-/to-fast-properties-2.0.0.tgz",
      "integrity": "sha1-3F5pjL0HkmW8c+A3doGk5Og/YW4=",
      "dev": true
    },
    "token-stream": {
      "version": "1.0.0",
      "resolved": "http://it.zhcoder.ink:9017/repository/npm-group/token-stream/-/token-stream-1.0.0.tgz",
      "integrity": "sha1-zCAOqyYT9BZtJ/+a/HylbUnfbrQ=",
      "dev": true
    },
    "typescript": {
      "version": "4.5.2",
      "resolved": "http://it.zhcoder.ink:9017/repository/npm-group/typescript/-/typescript-4.5.2.tgz",
      "integrity": "sha1-isH7qfUiVv2wb7ieQSL6ajRsKZg=",
      "dev": true
    },
    "upath": {
      "version": "2.0.1",
      "resolved": "http://it.zhcoder.ink:9017/repository/npm-group/upath/-/upath-2.0.1.tgz",
      "integrity": "sha1-UMc96mjW9rmQ9R0nnOYIFmXWGos=",
      "dev": true
    },
    "vite": {
      "version": "2.6.14",
      "resolved": "http://it.zhcoder.ink:9017/repository/npm-group/vite/-/vite-2.6.14.tgz",
      "integrity": "sha1-NcCaFeTfgjQQgZoqI5qxHvsYYnE=",
      "dev": true,
      "requires": {
        "esbuild": "^0.13.2",
        "fsevents": "~2.3.2",
        "postcss": "^8.3.8",
        "resolve": "^1.20.0",
        "rollup": "^2.57.0"
      }
    },
    "void-elements": {
      "version": "3.1.0",
      "resolved": "http://it.zhcoder.ink:9017/repository/npm-group/void-elements/-/void-elements-3.1.0.tgz",
      "integrity": "sha1-YU9/v42AHwu18GYfWy9XhXUOTwk=",
      "dev": true
    },
    "vscode-css-languageservice": {
      "version": "5.1.9",
      "resolved": "http://it.zhcoder.ink:9017/repository/npm-group/vscode-css-languageservice/-/vscode-css-languageservice-5.1.9.tgz",
      "integrity": "sha512-/tFOWeZBL3Oc9Zc+2MAi3rEwiXJTSZsvjB+M7nSjWLbGPUIjukUA7YzLgsBoUfR35sPJYnXWUkL56PdfIYM8GA==",
      "dev": true,
      "requires": {
        "vscode-languageserver-textdocument": "^1.0.1",
        "vscode-languageserver-types": "^3.16.0",
        "vscode-nls": "^5.0.0",
        "vscode-uri": "^3.0.2"
      },
      "dependencies": {
        "vscode-languageserver-types": {
          "version": "3.16.0",
          "resolved": "http://it.zhcoder.ink:9017/repository/npm-group/vscode-languageserver-types/-/vscode-languageserver-types-3.16.0.tgz",
          "integrity": "sha1-7POT/BIexpdLLaPvsxVWRMUU4kc=",
          "dev": true
        }
      }
    },
    "vscode-html-languageservice": {
      "version": "4.2.0",
      "resolved": "http://it.zhcoder.ink:9017/repository/npm-group/vscode-html-languageservice/-/vscode-html-languageservice-4.2.0.tgz",
      "integrity": "sha512-5ebk/5kMa7PrCPL3JuP27vo8h+coDgSkMP14pSlKz3ISXZxHm+nnCenhVrpy9Ayamtwb28YXeQuN8AqNQH8kVQ==",
      "dev": true,
      "requires": {
        "vscode-languageserver-textdocument": "^1.0.1",
        "vscode-languageserver-types": "^3.16.0",
        "vscode-nls": "^5.0.0",
        "vscode-uri": "^3.0.2"
      },
      "dependencies": {
        "vscode-languageserver-types": {
          "version": "3.16.0",
          "resolved": "http://it.zhcoder.ink:9017/repository/npm-group/vscode-languageserver-types/-/vscode-languageserver-types-3.16.0.tgz",
          "integrity": "sha1-7POT/BIexpdLLaPvsxVWRMUU4kc=",
          "dev": true
        }
      }
    },
    "vscode-json-languageservice": {
      "version": "4.1.10",
      "resolved": "http://it.zhcoder.ink:9017/repository/npm-group/vscode-json-languageservice/-/vscode-json-languageservice-4.1.10.tgz",
      "integrity": "sha1-XVcp/E8+AvQVmeAQRSOhh3wl8Ps=",
      "dev": true,
      "requires": {
        "jsonc-parser": "^3.0.0",
        "vscode-languageserver-textdocument": "^1.0.1",
        "vscode-languageserver-types": "^3.16.0",
        "vscode-nls": "^5.0.0",
        "vscode-uri": "^3.0.2"
      },
      "dependencies": {
        "jsonc-parser": {
          "version": "3.0.0",
          "resolved": "http://it.zhcoder.ink:9017/repository/npm-group/jsonc-parser/-/jsonc-parser-3.0.0.tgz",
          "integrity": "sha1-q914VwHH5+rKip7IzwcMpRp0WiI=",
          "dev": true
        },
        "vscode-languageserver-types": {
          "version": "3.16.0",
          "resolved": "http://it.zhcoder.ink:9017/repository/npm-group/vscode-languageserver-types/-/vscode-languageserver-types-3.16.0.tgz",
          "integrity": "sha1-7POT/BIexpdLLaPvsxVWRMUU4kc=",
          "dev": true
        }
      }
    },
    "vscode-jsonrpc": {
      "version": "8.0.0-next.4",
      "resolved": "http://it.zhcoder.ink:9017/repository/npm-group/vscode-jsonrpc/-/vscode-jsonrpc-8.0.0-next.4.tgz",
      "integrity": "sha512-i+wvza5Wd0YV/t9qhnS8I+dJdhJ1fHIhRW4f262rXXM9Mgts5VZhYrRZufGcai4y99RlbZvwaZhplQ6diRXkaA==",
      "dev": true
    },
    "vscode-languageserver": {
      "version": "8.0.0-next.5",
      "resolved": "http://it.zhcoder.ink:9017/repository/npm-group/vscode-languageserver/-/vscode-languageserver-8.0.0-next.5.tgz",
      "integrity": "sha512-3E2W0eWtGKb6QAJqspOnD0thrBRRo8IGUMV5jpDNMcMKvmtkcxMwsBh0VxdvuWaZ51PiNyR4L+B+GUvkYsyFEg==",
      "dev": true,
      "requires": {
        "vscode-languageserver-protocol": "3.17.0-next.11"
      }
    },
    "vscode-languageserver-protocol": {
      "version": "3.17.0-next.11",
      "resolved": "http://it.zhcoder.ink:9017/repository/npm-group/vscode-languageserver-protocol/-/vscode-languageserver-protocol-3.17.0-next.11.tgz",
      "integrity": "sha512-9FqHT7XvM6tWFsnLvRfuQA7Zh7wZZYAwA9dK85lYthA8M1aXpXEP9drXVvO/Fe03MUeJpKVf2e4/NvDaFUnttg==",
      "dev": true,
      "requires": {
        "vscode-jsonrpc": "8.0.0-next.4",
        "vscode-languageserver-types": "3.17.0-next.5"
      }
    },
    "vscode-languageserver-textdocument": {
      "version": "1.0.3",
      "resolved": "http://it.zhcoder.ink:9017/repository/npm-group/vscode-languageserver-textdocument/-/vscode-languageserver-textdocument-1.0.3.tgz",
      "integrity": "sha512-ynEGytvgTb6HVSUwPJIAZgiHQmPCx8bZ8w5um5Lz+q5DjP0Zj8wTFhQpyg8xaMvefDytw2+HH5yzqS+FhsR28A==",
      "dev": true
    },
    "vscode-languageserver-types": {
      "version": "3.17.0-next.5",
      "resolved": "http://it.zhcoder.ink:9017/repository/npm-group/vscode-languageserver-types/-/vscode-languageserver-types-3.17.0-next.5.tgz",
      "integrity": "sha512-Zcfaw8BznhlJWB09LDR0dscXyxn9+liREqJnPF4pigeUCHwKxYapYqizwuCpMHQ/oLYiAvKwU+f28hPleYu7pA==",
      "dev": true
    },
    "vscode-nls": {
      "version": "5.0.0",
      "resolved": "http://it.zhcoder.ink:9017/repository/npm-group/vscode-nls/-/vscode-nls-5.0.0.tgz",
      "integrity": "sha1-mfDaC9nqfNpE5WWnTFSx8rwleEA=",
      "dev": true
    },
    "vscode-pug-languageservice": {
      "version": "0.27.24",
      "resolved": "http://it.zhcoder.ink:9017/repository/npm-group/vscode-pug-languageservice/-/vscode-pug-languageservice-0.27.24.tgz",
      "integrity": "sha1-+oBcTT4z3uNoHmYKB2cTZzjmg3A=",
      "dev": true,
      "requires": {
        "@volar/code-gen": "^0.27.24",
        "@volar/shared": "^0.27.24",
        "@volar/source-map": "^0.27.24",
        "@volar/transforms": "^0.27.24",
        "pug-lexer": "^5.0.1",
        "pug-parser": "^6.0.0",
        "vscode-languageserver": "^8.0.0-next.2"
      }
    },
    "vscode-typescript-languageservice": {
      "version": "0.27.25",
      "resolved": "http://it.zhcoder.ink:9017/repository/npm-group/vscode-typescript-languageservice/-/vscode-typescript-languageservice-0.27.25.tgz",
      "integrity": "sha1-rNIRcjtgAQjCVRU4i3XVXOFbsFY=",
      "dev": true,
      "requires": {
        "@volar/shared": "^0.27.24",
        "semver": "^7.3.5",
        "upath": "^2.0.1",
        "vscode-languageserver": "^8.0.0-next.2",
        "vscode-languageserver-textdocument": "^1.0.1"
      }
    },
    "vscode-uri": {
      "version": "3.0.2",
      "resolved": "http://it.zhcoder.ink:9017/repository/npm-group/vscode-uri/-/vscode-uri-3.0.2.tgz",
      "integrity": "sha1-7P0dBmy470w6II3s26uajCPQVdA=",
      "dev": true
    },
    "vscode-vue-languageservice": {
      "version": "0.27.30",
      "resolved": "http://it.zhcoder.ink:9017/repository/npm-group/vscode-vue-languageservice/-/vscode-vue-languageservice-0.27.30.tgz",
      "integrity": "sha1-HzKwID3SM1gvdKRXQoUZpjGPA54=",
      "dev": true,
      "requires": {
        "@volar/code-gen": "^0.27.24",
        "@volar/html2pug": "^0.27.13",
        "@volar/shared": "^0.27.24",
        "@volar/source-map": "^0.27.24",
        "@volar/transforms": "^0.27.24",
        "@vscode/emmet-helper": "^2.7.0",
        "@vue/compiler-dom": "^3.2.19",
        "@vue/reactivity": "^3.2.19",
        "@vue/shared": "^3.2.19",
        "request-light": "^0.5.4",
        "upath": "^2.0.1",
        "vscode-css-languageservice": "^5.1.4",
        "vscode-html-languageservice": "^4.0.7",
        "vscode-json-languageservice": "^4.1.7",
        "vscode-languageserver": "^8.0.0-next.2",
        "vscode-languageserver-textdocument": "^1.0.1",
        "vscode-pug-languageservice": "^0.27.24",
        "vscode-typescript-languageservice": "^0.27.25"
      }
    },
    "vue": {
      "version": "3.2.23",
      "resolved": "http://it.zhcoder.ink:9017/repository/npm-group/vue/-/vue-3.2.23.tgz",
      "integrity": "sha512-MGp9JZC37lzGhwSu6c1tQxrQbXbw7XKFqtYh7SFwNrNK899FPxGAHwSHMZijMChTSC3uZrD2BGO/3EHOgMJ0cw==",
      "requires": {
        "@vue/compiler-dom": "3.2.23",
        "@vue/compiler-sfc": "3.2.23",
        "@vue/runtime-dom": "3.2.23",
        "@vue/server-renderer": "3.2.23",
        "@vue/shared": "3.2.23"
      }
    },
    "vue-tsc": {
      "version": "0.3.0",
      "resolved": "http://it.zhcoder.ink:9017/repository/npm-group/vue-tsc/-/vue-tsc-0.3.0.tgz",
      "integrity": "sha1-Ozhyv08dLkQJtXrb2CYDLiU9tAY=",
      "dev": true,
      "requires": {
        "vscode-vue-languageservice": "^0.27.0"
      }
    },
    "with": {
      "version": "7.0.2",
      "resolved": "http://it.zhcoder.ink:9017/repository/npm-group/with/-/with-7.0.2.tgz",
      "integrity": "sha1-zO461ULSVTinp6gKrSErmChJW6w=",
      "dev": true,
      "requires": {
        "@babel/parser": "^7.9.6",
        "@babel/types": "^7.9.6",
        "assert-never": "^1.2.1",
        "babel-walk": "3.0.0-canary-5"
      }
    },
    "yallist": {
      "version": "4.0.0",
      "resolved": "http://it.zhcoder.ink:9017/repository/npm-group/yallist/-/yallist-4.0.0.tgz",
      "integrity": "sha1-m7knkNnA7/7GO+c1GeEaNQGaOnI=",
      "dev": true
    }
  }
}
